<?xml version="1.0" encoding="utf-8"?>
<Project ToolsVersion="4.0" xmlns="http://schemas.microsoft.com/developer/msbuild/2003">
  <ItemGroup>
    <Filter Include="소스 파일">
      <UniqueIdentifier>{4FC737F1-C7A5-4376-A066-2A32D752A2FF}</UniqueIdentifier>
      <Extensions>cpp;c;cc;cxx;c++;cppm;ixx;def;odl;idl;hpj;bat;asm;asmx</Extensions>
    </Filter>
    <Filter Include="헤더 파일">
      <UniqueIdentifier>{93995380-89BD-4b04-88EB-625FBE52EBFB}</UniqueIdentifier>
      <Extensions>h;hh;hpp;hxx;h++;hm;inl;inc;ipp;xsd</Extensions>
    </Filter>
    <Filter Include="소스 파일\day1">
      <UniqueIdentifier>{8574fa55-5d50-4eb8-9dfc-6c60225ef309}</UniqueIdentifier>
    </Filter>
    <Filter Include="소스 파일\day2">
      <UniqueIdentifier>{11dc14b2-cf19-4043-9df4-4693ff468ffd}</UniqueIdentifier>
    </Filter>
    <Filter Include="소스 파일\day3">
      <UniqueIdentifier>{94822559-56e3-4ab4-a072-63996fc2f7ea}</UniqueIdentifier>
    </Filter>
    <Filter Include="소스 파일\day4">
      <UniqueIdentifier>{3ff5e26c-cc39-4c1f-96f9-55580e619f92}</UniqueIdentifier>
    </Filter>
    <Filter Include="소스 파일\리소스 파일">
      <UniqueIdentifier>{67DA6AB6-F800-4c08-8B7A-83BB121AAD01}</UniqueIdentifier>
      <Extensions>rc;ico;cur;bmp;dlg;rc2;rct;bin;rgs;gif;jpg;jpeg;jpe;resx;tiff;tif;png;wav;mfcribbon-ms</Extensions>
    </Filter>
    <Filter Include="소스 파일\day5">
      <UniqueIdentifier>{26294a60-41fe-433b-8b65-a8ffcfd22a29}</UniqueIdentifier>
    </Filter>
    <Filter Include="소스 파일\day6">
      <UniqueIdentifier>{c6b8e22b-cb9d-4854-8b59-429b39fdefa0}</UniqueIdentifier>
    </Filter>
    <Filter Include="소스 파일\day7">
      <UniqueIdentifier>{afef23d5-378e-4951-8ce1-4e3b430cfe50}</UniqueIdentifier>
    </Filter>
    <Filter Include="소스 파일\day8">
      <UniqueIdentifier>{9ff630f6-7698-4148-bb0d-d727a4f73761}</UniqueIdentifier>
    </Filter>
    <Filter Include="소스 파일\day9">
      <UniqueIdentifier>{42f9cc04-3a75-46a6-bb23-f8185009c9a2}</UniqueIdentifier>
    </Filter>
  </ItemGroup>
  <ItemGroup>
    <ClCompile Include="hello.c">
      <Filter>소스 파일\day1</Filter>
    </ClCompile>
    <ClCompile Include="기본구조.c">
      <Filter>소스 파일\day2</Filter>
    </ClCompile>
    <ClCompile Include="영어 다이아몬드.c">
      <Filter>소스 파일\day2</Filter>
    </ClCompile>
    <ClCompile Include="변수.c">
      <Filter>소스 파일\day2</Filter>
    </ClCompile>
    <ClCompile Include="변수의 출력.c">
      <Filter>소스 파일\day2</Filter>
    </ClCompile>
    <ClCompile Include="자료형.c">
      <Filter>소스 파일\day3</Filter>
    </ClCompile>
    <ClCompile Include="아스키코드.c">
      <Filter>소스 파일\day3</Filter>
    </ClCompile>
    <ClCompile Include="상수.c">
      <Filter>소스 파일\day3</Filter>
    </ClCompile>
    <ClCompile Include="자료형의 변환.c">
      <Filter>소스 파일\day4</Filter>
    </ClCompile>
    <ClCompile Include="언사인드.c">
      <Filter>소스 파일\day4</Filter>
    </ClCompile>
    <ClCompile Include="형식문자.c">
      <Filter>소스 파일\day4</Filter>
    </ClCompile>
    <ClCompile Include="scanf.c">
      <Filter>소스 파일\day5</Filter>
    </ClCompile>
    <ClCompile Include="산술연산자.c">
      <Filter>소스 파일\day5</Filter>
    </ClCompile>
    <ClCompile Include="대입 연산자.c">
      <Filter>소스 파일\day5</Filter>
    </ClCompile>
    <ClCompile Include="비교 연산자.c">
      <Filter>소스 파일\day5</Filter>
    </ClCompile>
    <ClCompile Include="연산자 우선순위.c">
      <Filter>소스 파일\day6</Filter>
    </ClCompile>
    <ClCompile Include="짱구의 기말고사.c">
      <Filter>소스 파일\day6</Filter>
    </ClCompile>
    <ClCompile Include="논리 연산자.c">
      <Filter>소스 파일\day6</Filter>
    </ClCompile>
    <ClCompile Include="상황조건연산자.c">
      <Filter>소스 파일\day6</Filter>
    </ClCompile>
    <ClCompile Include="비트단위 연산자.c">
      <Filter>소스 파일\day6</Filter>
    </ClCompile>
    <ClCompile Include="시프트연산자.c">
      <Filter>소스 파일\day7</Filter>
    </ClCompile>
    <ClCompile Include="지하철 요금 문제.cpp">
      <Filter>소스 파일\day7</Filter>
    </ClCompile>
    <ClCompile Include="if.c">
      <Filter>소스 파일\day7</Filter>
    </ClCompile>
    <ClCompile Include="elseif.c">
      <Filter>소스 파일\day7</Filter>
    </ClCompile>
    <ClCompile Include="중첩if문.c">
      <Filter>소스 파일\day7</Filter>
    </ClCompile>
    <ClCompile Include="배송비 중첩.if문.c">
      <Filter>소스 파일\day8</Filter>
    </ClCompile>
    <ClCompile Include="스위치.c">
      <Filter>소스 파일\day8</Filter>
    </ClCompile>
    <ClCompile Include="switch계산기.c">
      <Filter>소스 파일\day8</Filter>
    </ClCompile>
    <ClCompile Include="증감 연산자.c">
      <Filter>소스 파일\day4</Filter>
    </ClCompile>
    <ClCompile Include="반복문while.c">
      <Filter>소스 파일\day8</Filter>
    </ClCompile>
    <ClCompile Include="while문제.c">
      <Filter>소스 파일\day9</Filter>
    </ClCompile>
    <ClCompile Include="do while.c">
      <Filter>소스 파일\day9</Filter>
    </ClCompile>
    <ClCompile Include="for문.c">
      <Filter>소스 파일\day9</Filter>
    </ClCompile>
    <ClCompile Include="무한루프.c">
      <Filter>소스 파일\day9</Filter>
    </ClCompile>
    <ClCompile Include="break문.c">
      <Filter>소스 파일\day9</Filter>
    </ClCompile>
    <ClCompile Include="continue문.c">
      <Filter>소스 파일\day9</Filter>
    </ClCompile>
    <ClCompile Include="중첩 for문.c">
      <Filter>소스 파일\day9</Filter>
    </ClCompile>
  </ItemGroup>
</Project>